
Microsoft Visual Studio Solution File, Format Version 12.00
# Visual Studio Version 16
VisualStudioVersion = 16.0.29728.190
MinimumVisualStudioVersion = 10.0.40219.1
Project("{FAE04EC0-301F-11D3-BF4B-00C04F79EFBC}") = "COMP212_GenericDelegate_Demo", "COMP212_GenericDelegate_Demo\COMP212_GenericDelegate_Demo.csproj", "{1BAAFE86-17C0-4AB3-9B0C-A85F3B439B10}"
EndProject
Global
	GlobalSection(SolutionConfigurationPlatforms) = preSolution
		Debug|Any CPU = Debug|Any CPU
		Release|Any CPU = Release|Any CPU
	EndGlobalSection
	GlobalSection(ProjectConfigurationPlatforms) = postSolution
		{1BAAFE86-17C0-4AB3-9B0C-A85F3B439B10}.Debug|Any CPU.ActiveCfg = Debug|Any CPU
		{1BAAFE86-17C0-4AB3-9B0C-A85F3B439B10}.Debug|Any CPU.Build.0 = Debug|Any CPU
		{1BAAFE86-17C0-4AB3-9B0C-A85F3B439B10}.Release|Any CPU.ActiveCfg = Release|Any CPU
		{1BAAFE86-17C0-4AB3-9B0C-A85F3B439B10}.Release|Any CPU.Build.0 = Release|Any CPU
	EndGlobalSection
	GlobalSection(SolutionProperties) = preSolution
		HideSolutionNode = FALSE
	EndGlobalSection
	GlobalSection(ExtensibilityGlobals) = postSolution
		SolutionGuid = {4D705EC6-FD5D-480D-B82A-E65BCEC43063}
	EndGlobalSection
EndGlobal
